
Microsoft Visual Studio Solution File, Format Version 12.00
# Visual Studio 15
VisualStudioVersion = 15.0.27703.2042
MinimumVisualStudioVersion = 10.0.40219.1
Project("{FAE04EC0-301F-11D3-BF4B-00C04F79EFBC}") = "DevExtremeAspNetCoreApp1", "DevExtremeAspNetCoreApp1\DevExtremeAspNetCoreApp1.csproj", "{78074FAA-E651-44D1-BDAA-D996BCFEBF2C}"
EndProject
Global
	GlobalSection(SolutionConfigurationPlatforms) = preSolution
		Debug|Any CPU = Debug|Any CPU
		Release|Any CPU = Release|Any CPU
	EndGlobalSection
	GlobalSection(ProjectConfigurationPlatforms) = postSolution
		{78074FAA-E651-44D1-BDAA-D996BCFEBF2C}.Debug|Any CPU.ActiveCfg = Debug|Any CPU
		{78074FAA-E651-44D1-BDAA-D996BCFEBF2C}.Debug|Any CPU.Build.0 = Debug|Any CPU
		{78074FAA-E651-44D1-BDAA-D996BCFEBF2C}.Release|Any CPU.ActiveCfg = Release|Any CPU
		{78074FAA-E651-44D1-BDAA-D996BCFEBF2C}.Release|Any CPU.Build.0 = Release|Any CPU
	EndGlobalSection
	GlobalSection(SolutionProperties) = preSolution
		HideSolutionNode = FALSE
	EndGlobalSection
	GlobalSection(ExtensibilityGlobals) = postSolution
		SolutionGuid = {B605B2B2-BF8E-4A38-96E9-D3DF7FB73644}
	EndGlobalSection
EndGlobal
